
Microsoft Visual Studio Solution File, Format Version 12.00
# Visual Studio Version 16
VisualStudioVersion = 16.0.31605.320
MinimumVisualStudioVersion = 10.0.40219.1
Project("{2150E333-8FDC-42A3-9474-1A3956D46DE8}") = "Application", "Application", "{3DD9FC25-2808-4DE5-A8F6-B15BC73CAFB7}"
EndProject
Project("{2150E333-8FDC-42A3-9474-1A3956D46DE8}") = "Domain", "Domain", "{1A39DF83-B57C-49F8-8B02-97D82964B699}"
EndProject
Project("{2150E333-8FDC-42A3-9474-1A3956D46DE8}") = "Infra.IoC", "Infra.IoC", "{447AF063-5991-47AA-9A10-EBD5CC89CB65}"
EndProject
Project("{2150E333-8FDC-42A3-9474-1A3956D46DE8}") = "Infra.Data", "Infra.Data", "{EA8073DC-7677-42BB-A2C3-DE2671D33D19}"
EndProject
Project("{2150E333-8FDC-42A3-9474-1A3956D46DE8}") = "Presentation", "Presentation", "{A96F68B8-BE03-4CC7-91CF-E3B90CB25884}"
EndProject
Project("{9A19103F-16F7-4668-BE54-9A1E7A4F7556}") = "CleanArch.Mvc", "CleanArch.Mvc\CleanArch.Mvc.csproj", "{68546FEA-FBED-445A-B3C2-ED5A32857425}"
EndProject
Project("{9A19103F-16F7-4668-BE54-9A1E7A4F7556}") = "CleanArch.Domain", "CleanArch.Domain\CleanArch.Domain.csproj", "{733A092E-97B5-43E0-9195-1CBB5332C4B5}"
EndProject
Project("{FAE04EC0-301F-11D3-BF4B-00C04F79EFBC}") = "CleanArch.Infra.Data", "CleanArch.Infra.Data\CleanArch.Infra.Data.csproj", "{D9603D42-79A4-4BA7-9A47-7FF33DEE345F}"
EndProject
Project("{FAE04EC0-301F-11D3-BF4B-00C04F79EFBC}") = "CleanArch.Application", "CleanArch.Application\CleanArch.Application.csproj", "{D033DEB1-6A30-413D-AF8E-04E82FDBF49E}"
EndProject
Project("{FAE04EC0-301F-11D3-BF4B-00C04F79EFBC}") = "CleanArch.Infra.IoC", "CleanArch.Infra.IoC\CleanArch.Infra.IoC.csproj", "{853891E2-2E14-4EDB-8A10-1519381A8EF9}"
EndProject
Project("{2150E333-8FDC-42A3-9474-1A3956D46DE8}") = "Infra.Bus", "Infra.Bus", "{1B699768-7767-477E-8771-2EA165E3AE84}"
EndProject
Project("{2150E333-8FDC-42A3-9474-1A3956D46DE8}") = "Api", "Api", "{3621009D-AAE7-4EF6-832F-91665452FCAA}"
EndProject
Project("{FAE04EC0-301F-11D3-BF4B-00C04F79EFBC}") = "CleanArch.Infra.Bus", "CleanArch.Infra.Bus\CleanArch.Infra.Bus.csproj", "{B7596AA4-0BF4-4EA9-BAAA-CDC61E222660}"
EndProject
Project("{FAE04EC0-301F-11D3-BF4B-00C04F79EFBC}") = "CleanArch.Domain.Core", "CleanArch.Domain.Core\CleanArch.Domain.Core.csproj", "{413EF65E-A59D-428C-9EED-1CA678401A3F}"
EndProject
Global
	GlobalSection(SolutionConfigurationPlatforms) = preSolution
		Debug|Any CPU = Debug|Any CPU
		Release|Any CPU = Release|Any CPU
	EndGlobalSection
	GlobalSection(ProjectConfigurationPlatforms) = postSolution
		{68546FEA-FBED-445A-B3C2-ED5A32857425}.Debug|Any CPU.ActiveCfg = Debug|Any CPU
		{68546FEA-FBED-445A-B3C2-ED5A32857425}.Debug|Any CPU.Build.0 = Debug|Any CPU
		{68546FEA-FBED-445A-B3C2-ED5A32857425}.Release|Any CPU.ActiveCfg = Release|Any CPU
		{68546FEA-FBED-445A-B3C2-ED5A32857425}.Release|Any CPU.Build.0 = Release|Any CPU
		{733A092E-97B5-43E0-9195-1CBB5332C4B5}.Debug|Any CPU.ActiveCfg = Debug|Any CPU
		{733A092E-97B5-43E0-9195-1CBB5332C4B5}.Debug|Any CPU.Build.0 = Debug|Any CPU
		{733A092E-97B5-43E0-9195-1CBB5332C4B5}.Release|Any CPU.ActiveCfg = Release|Any CPU
		{733A092E-97B5-43E0-9195-1CBB5332C4B5}.Release|Any CPU.Build.0 = Release|Any CPU
		{D9603D42-79A4-4BA7-9A47-7FF33DEE345F}.Debug|Any CPU.ActiveCfg = Debug|Any CPU
		{D9603D42-79A4-4BA7-9A47-7FF33DEE345F}.Debug|Any CPU.Build.0 = Debug|Any CPU
		{D9603D42-79A4-4BA7-9A47-7FF33DEE345F}.Release|Any CPU.ActiveCfg = Release|Any CPU
		{D9603D42-79A4-4BA7-9A47-7FF33DEE345F}.Release|Any CPU.Build.0 = Release|Any CPU
		{D033DEB1-6A30-413D-AF8E-04E82FDBF49E}.Debug|Any CPU.ActiveCfg = Debug|Any CPU
		{D033DEB1-6A30-413D-AF8E-04E82FDBF49E}.Debug|Any CPU.Build.0 = Debug|Any CPU
		{D033DEB1-6A30-413D-AF8E-04E82FDBF49E}.Release|Any CPU.ActiveCfg = Release|Any CPU
		{D033DEB1-6A30-413D-AF8E-04E82FDBF49E}.Release|Any CPU.Build.0 = Release|Any CPU
		{853891E2-2E14-4EDB-8A10-1519381A8EF9}.Debug|Any CPU.ActiveCfg = Debug|Any CPU
		{853891E2-2E14-4EDB-8A10-1519381A8EF9}.Debug|Any CPU.Build.0 = Debug|Any CPU
		{853891E2-2E14-4EDB-8A10-1519381A8EF9}.Release|Any CPU.ActiveCfg = Release|Any CPU
		{853891E2-2E14-4EDB-8A10-1519381A8EF9}.Release|Any CPU.Build.0 = Release|Any CPU
		{B7596AA4-0BF4-4EA9-BAAA-CDC61E222660}.Debug|Any CPU.ActiveCfg = Debug|Any CPU
		{B7596AA4-0BF4-4EA9-BAAA-CDC61E222660}.Debug|Any CPU.Build.0 = Debug|Any CPU
		{B7596AA4-0BF4-4EA9-BAAA-CDC61E222660}.Release|Any CPU.ActiveCfg = Release|Any CPU
		{B7596AA4-0BF4-4EA9-BAAA-CDC61E222660}.Release|Any CPU.Build.0 = Release|Any CPU
		{413EF65E-A59D-428C-9EED-1CA678401A3F}.Debug|Any CPU.ActiveCfg = Debug|Any CPU
		{413EF65E-A59D-428C-9EED-1CA678401A3F}.Debug|Any CPU.Build.0 = Debug|Any CPU
		{413EF65E-A59D-428C-9EED-1CA678401A3F}.Release|Any CPU.ActiveCfg = Release|Any CPU
		{413EF65E-A59D-428C-9EED-1CA678401A3F}.Release|Any CPU.Build.0 = Release|Any CPU
	EndGlobalSection
	GlobalSection(SolutionProperties) = preSolution
		HideSolutionNode = FALSE
	EndGlobalSection
	GlobalSection(NestedProjects) = preSolution
		{68546FEA-FBED-445A-B3C2-ED5A32857425} = {A96F68B8-BE03-4CC7-91CF-E3B90CB25884}
		{733A092E-97B5-43E0-9195-1CBB5332C4B5} = {1A39DF83-B57C-49F8-8B02-97D82964B699}
		{D9603D42-79A4-4BA7-9A47-7FF33DEE345F} = {EA8073DC-7677-42BB-A2C3-DE2671D33D19}
		{D033DEB1-6A30-413D-AF8E-04E82FDBF49E} = {3DD9FC25-2808-4DE5-A8F6-B15BC73CAFB7}
		{853891E2-2E14-4EDB-8A10-1519381A8EF9} = {447AF063-5991-47AA-9A10-EBD5CC89CB65}
		{B7596AA4-0BF4-4EA9-BAAA-CDC61E222660} = {1B699768-7767-477E-8771-2EA165E3AE84}
		{413EF65E-A59D-428C-9EED-1CA678401A3F} = {1A39DF83-B57C-49F8-8B02-97D82964B699}
	EndGlobalSection
	GlobalSection(ExtensibilityGlobals) = postSolution
		SolutionGuid = {982CF3DF-228B-4D6E-B190-7989CD47FA5F}
	EndGlobalSection
EndGlobal
